{
  "version": 4,
  "terraform_version": "1.2.8",
  "serial": 30,
  "lineage": "38e78a83-120d-c37d-5d97-8981319fd1c6",
  "outputs": {},
  "resources": [
    {
      "mode": "managed",
      "type": "azurerm_container_group",
      "name": "eon-cg",
      "provider": "provider[\"registry.terraform.io/hashicorp/azurerm\"]",
      "instances": [
        {
          "schema_version": 0,
          "attributes": {
            "container": [
              {
                "commands": [],
                "cpu": 1,
                "environment_variables": null,
                "gpu": [],
                "image": "mrdzsi/eon-homework:v1.0",
                "liveness_probe": [],
                "memory": 1,
                "name": "eon-container",
                "ports": [
                  {
                    "port": 80,
                    "protocol": "TCP"
                  }
                ],
                "readiness_probe": [],
                "secure_environment_variables": null,
                "volume": []
              }
            ],
            "diagnostics": [],
            "dns_config": [],
            "dns_name_label": "eon-homework",
            "exposed_port": [
              {
                "port": 80,
                "protocol": "TCP"
              }
            ],
            "fqdn": "eon-homework.westeurope.azurecontainer.io",
            "id": "/subscriptions/3c97c5f9-a726-430d-8db5-70b2299fdd52/resourceGroups/eon-rg/providers/Microsoft.ContainerInstance/containerGroups/eon-cg",
            "identity": [],
            "image_registry_credential": [],
            "ip_address": "20.101.235.89",
            "ip_address_type": "Public",
            "location": "westeurope",
            "name": "eon-cg",
            "network_profile_id": null,
            "os_type": "Linux",
            "resource_group_name": "eon-rg",
            "restart_policy": "Always",
            "tags": {
              "environment": "eon"
            },
            "timeouts": null
          },
          "sensitive_attributes": [],
          "private": "eyJlMmJmYjczMC1lY2FhLTExZTYtOGY4OC0zNDM2M2JjN2M0YzAiOnsiY3JlYXRlIjoxODAwMDAwMDAwMDAwLCJkZWxldGUiOjE4MDAwMDAwMDAwMDAsInJlYWQiOjMwMDAwMDAwMDAwMCwidXBkYXRlIjoxODAwMDAwMDAwMDAwfX0=",
          "dependencies": [
            "azurerm_resource_group.eon-rg"
          ]
        }
      ]
    },
    {
      "mode": "managed",
      "type": "azurerm_resource_group",
      "name": "eon-rg",
      "provider": "provider[\"registry.terraform.io/hashicorp/azurerm\"]",
      "instances": [
        {
          "schema_version": 0,
          "attributes": {
            "id": "/subscriptions/3c97c5f9-a726-430d-8db5-70b2299fdd52/resourceGroups/eon-rg",
            "location": "westeurope",
            "name": "eon-rg",
            "tags": null,
            "timeouts": null
          },
          "sensitive_attributes": [],
          "private": "eyJlMmJmYjczMC1lY2FhLTExZTYtOGY4OC0zNDM2M2JjN2M0YzAiOnsiY3JlYXRlIjo1NDAwMDAwMDAwMDAwLCJkZWxldGUiOjU0MDAwMDAwMDAwMDAsInJlYWQiOjMwMDAwMDAwMDAwMCwidXBkYXRlIjo1NDAwMDAwMDAwMDAwfX0="
        }
      ]
    }
  ]
}
