{
  "version": 4,
  "terraform_version": "1.2.8",
  "serial": 8,
  "lineage": "38e78a83-120d-c37d-5d97-8981319fd1c6",
  "outputs": {},
  "resources": [
    {
      "mode": "managed",
      "type": "azurerm_app_service_source_control",
      "name": "sourcecontrol",
      "provider": "provider[\"registry.terraform.io/hashicorp/azurerm\"]",
      "instances": [
        {
          "schema_version": 0,
          "attributes": {
            "app_id": "/subscriptions/3c97c5f9-a726-430d-8db5-70b2299fdd52/resourceGroups/myResourceGroup-39481/providers/Microsoft.Web/sites/webapp-39481",
            "branch": "main",
            "github_action_configuration": [],
            "id": "/subscriptions/3c97c5f9-a726-430d-8db5-70b2299fdd52/resourceGroups/myResourceGroup-39481/providers/Microsoft.Web/sites/webapp-39481",
            "repo_url": "https://github.com/mrdzsi/EON-homework.git",
            "rollback_enabled": false,
            "scm_type": "ExternalGit",
            "timeouts": null,
            "use_local_git": false,
            "use_manual_integration": true,
            "use_mercurial": false,
            "uses_github_action": false
          },
          "sensitive_attributes": [],
          "private": "eyJlMmJmYjczMC1lY2FhLTExZTYtOGY4OC0zNDM2M2JjN2M0YzAiOnsiY3JlYXRlIjoxODAwMDAwMDAwMDAwLCJkZWxldGUiOjE4MDAwMDAwMDAwMDAsInJlYWQiOjMwMDAwMDAwMDAwMH19",
          "dependencies": [
            "azurerm_linux_web_app.webapp"
          ]
        }
      ]
    },
    {
      "mode": "managed",
      "type": "azurerm_linux_web_app",
      "name": "webapp",
      "provider": "provider[\"registry.terraform.io/hashicorp/azurerm\"]",
      "instances": [
        {
          "schema_version": 0,
          "attributes": {
            "app_settings": {},
            "auth_settings": [
              {
                "active_directory": [],
                "additional_login_parameters": {},
                "allowed_external_redirect_urls": [],
                "default_provider": "",
                "enabled": false,
                "facebook": [],
                "github": [],
                "google": [],
                "issuer": "",
                "microsoft": [],
                "runtime_version": "",
                "token_refresh_extension_hours": 0,
                "token_store_enabled": false,
                "twitter": [],
                "unauthenticated_client_action": ""
              }
            ],
            "backup": [],
            "client_affinity_enabled": false,
            "client_certificate_enabled": false,
            "client_certificate_mode": "Required",
            "connection_string": [],
            "custom_domain_verification_id": "5FFD8A7ABC4032FCA68E509C8E5631498732F55DF6C3E8319377322A02B6E67B",
            "default_hostname": "webapp-39481.azurewebsites.net",
            "enabled": true,
            "https_only": true,
            "id": "/subscriptions/3c97c5f9-a726-430d-8db5-70b2299fdd52/resourceGroups/myResourceGroup-39481/providers/Microsoft.Web/sites/webapp-39481",
            "identity": [],
            "key_vault_reference_identity_id": "SystemAssigned",
            "kind": "app,linux",
            "location": "westeurope",
            "logs": [],
            "name": "webapp-39481",
            "outbound_ip_address_list": [
              "51.138.25.251",
              "51.138.26.38",
              "51.138.26.65",
              "51.138.26.83",
              "51.138.26.179",
              "51.138.26.240",
              "20.105.216.9"
            ],
            "outbound_ip_addresses": "51.138.25.251,51.138.26.38,51.138.26.65,51.138.26.83,51.138.26.179,51.138.26.240,20.105.216.9",
            "possible_outbound_ip_address_list": [
              "51.138.25.251",
              "51.138.26.38",
              "51.138.26.65",
              "51.138.26.83",
              "51.138.26.179",
              "51.138.26.240",
              "51.138.27.24",
              "51.138.27.46",
              "51.138.27.60",
              "51.138.27.65",
              "51.138.27.69",
              "51.138.27.110",
              "51.138.27.115",
              "51.138.27.178",
              "51.138.27.200",
              "51.137.28.238",
              "51.138.27.211",
              "51.138.27.248",
              "51.138.28.1",
              "51.138.28.71",
              "51.138.28.182",
              "51.138.28.243",
              "51.138.28.253",
              "51.138.29.70",
              "20.105.216.9"
            ],
            "possible_outbound_ip_addresses": "51.138.25.251,51.138.26.38,51.138.26.65,51.138.26.83,51.138.26.179,51.138.26.240,51.138.27.24,51.138.27.46,51.138.27.60,51.138.27.65,51.138.27.69,51.138.27.110,51.138.27.115,51.138.27.178,51.138.27.200,51.137.28.238,51.138.27.211,51.138.27.248,51.138.28.1,51.138.28.71,51.138.28.182,51.138.28.243,51.138.28.253,51.138.29.70,20.105.216.9",
            "resource_group_name": "myResourceGroup-39481",
            "service_plan_id": "/subscriptions/3c97c5f9-a726-430d-8db5-70b2299fdd52/resourceGroups/myResourceGroup-39481/providers/Microsoft.Web/serverfarms/webapp-asp-39481",
            "site_config": [
              {
                "always_on": true,
                "api_definition_url": "",
                "api_management_api_id": "",
                "app_command_line": "",
                "application_stack": [
                  {
                    "docker_image": "",
                    "docker_image_tag": "",
                    "dotnet_version": "",
                    "java_server": "",
                    "java_server_version": "",
                    "java_version": "",
                    "node_version": "",
                    "php_version": "",
                    "python_version": "",
                    "ruby_version": ""
                  }
                ],
                "auto_heal_enabled": false,
                "auto_heal_setting": [],
                "container_registry_managed_identity_client_id": "",
                "container_registry_use_managed_identity": false,
                "cors": [],
                "default_documents": [
                  "Default.htm",
                  "Default.html",
                  "Default.asp",
                  "index.htm",
                  "index.html",
                  "iisstart.htm",
                  "default.aspx",
                  "index.php",
                  "hostingstart.html"
                ],
                "detailed_error_logging_enabled": false,
                "ftps_state": "Disabled",
                "health_check_eviction_time_in_min": 0,
                "health_check_path": "",
                "http2_enabled": false,
                "ip_restriction": [],
                "linux_fx_version": "",
                "load_balancing_mode": "LeastRequests",
                "local_mysql_enabled": false,
                "managed_pipeline_mode": "Integrated",
                "minimum_tls_version": "1.2",
                "remote_debugging_enabled": false,
                "remote_debugging_version": "VS2019",
                "scm_ip_restriction": [],
                "scm_minimum_tls_version": "1.2",
                "scm_type": "None",
                "scm_use_main_ip_restriction": false,
                "use_32_bit_worker": true,
                "vnet_route_all_enabled": false,
                "websockets_enabled": false,
                "worker_count": 1
              }
            ],
            "site_credential": [
              {
                "name": "$webapp-39481",
                "password": "3YZsQMibinrWkY9QMnd3mvkQ1Z4ZvFXCflbir38YBzzQEhAMG2t6hMCuT3Kp"
              }
            ],
            "storage_account": [],
            "tags": {},
            "timeouts": null
          },
          "sensitive_attributes": [],
          "private": "eyJlMmJmYjczMC1lY2FhLTExZTYtOGY4OC0zNDM2M2JjN2M0YzAiOnsiY3JlYXRlIjoxODAwMDAwMDAwMDAwLCJkZWxldGUiOjE4MDAwMDAwMDAwMDAsInJlYWQiOjMwMDAwMDAwMDAwMCwidXBkYXRlIjoxODAwMDAwMDAwMDAwfX0=",
          "dependencies": [
            "azurerm_resource_group.rg",
            "azurerm_service_plan.appserviceplan",
            "random_integer.ri"
          ]
        }
      ]
    },
    {
      "mode": "managed",
      "type": "azurerm_resource_group",
      "name": "rg",
      "provider": "provider[\"registry.terraform.io/hashicorp/azurerm\"]",
      "instances": [
        {
          "schema_version": 0,
          "attributes": {
            "id": "/subscriptions/3c97c5f9-a726-430d-8db5-70b2299fdd52/resourceGroups/myResourceGroup-39481",
            "location": "westeurope",
            "name": "myResourceGroup-39481",
            "tags": {},
            "timeouts": null
          },
          "sensitive_attributes": [],
          "private": "eyJlMmJmYjczMC1lY2FhLTExZTYtOGY4OC0zNDM2M2JjN2M0YzAiOnsiY3JlYXRlIjo1NDAwMDAwMDAwMDAwLCJkZWxldGUiOjU0MDAwMDAwMDAwMDAsInJlYWQiOjMwMDAwMDAwMDAwMCwidXBkYXRlIjo1NDAwMDAwMDAwMDAwfX0=",
          "dependencies": [
            "random_integer.ri"
          ]
        }
      ]
    },
    {
      "mode": "managed",
      "type": "azurerm_service_plan",
      "name": "appserviceplan",
      "provider": "provider[\"registry.terraform.io/hashicorp/azurerm\"]",
      "instances": [
        {
          "schema_version": 0,
          "attributes": {
            "app_service_environment_id": "",
            "id": "/subscriptions/3c97c5f9-a726-430d-8db5-70b2299fdd52/resourceGroups/myResourceGroup-39481/providers/Microsoft.Web/serverfarms/webapp-asp-39481",
            "kind": "linux",
            "location": "westeurope",
            "maximum_elastic_worker_count": 1,
            "name": "webapp-asp-39481",
            "os_type": "Linux",
            "per_site_scaling_enabled": false,
            "reserved": true,
            "resource_group_name": "myResourceGroup-39481",
            "sku_name": "B1",
            "tags": {},
            "timeouts": null,
            "worker_count": 1
          },
          "sensitive_attributes": [],
          "private": "eyJlMmJmYjczMC1lY2FhLTExZTYtOGY4OC0zNDM2M2JjN2M0YzAiOnsiY3JlYXRlIjozNjAwMDAwMDAwMDAwLCJkZWxldGUiOjM2MDAwMDAwMDAwMDAsInJlYWQiOjMwMDAwMDAwMDAwMCwidXBkYXRlIjozNjAwMDAwMDAwMDAwfX0=",
          "dependencies": [
            "azurerm_resource_group.rg",
            "random_integer.ri"
          ]
        }
      ]
    },
    {
      "mode": "managed",
      "type": "random_integer",
      "name": "ri",
      "provider": "provider[\"registry.terraform.io/hashicorp/random\"]",
      "instances": [
        {
          "schema_version": 0,
          "attributes": {
            "id": "39481",
            "keepers": null,
            "max": 99999,
            "min": 10000,
            "result": 39481,
            "seed": null
          },
          "sensitive_attributes": []
        }
      ]
    }
  ]
}
